{
    __meta__ = {
        version = "1.0"
    },
    ["windows|x64"] = {
        ["cmake#f56260b5"] = {
            repo = {
                branch = "master",
                commit = "cd6a548743c5cd0c6781f52d165bdbe2f524fbb7",
                url = "https://gitlab.com/tboox/xmake-repo.git"
            },
            version = "4.2.3"
        },
        ["fmt#f56260b5"] = {
            repo = {
                branch = "master",
                commit = "cd6a548743c5cd0c6781f52d165bdbe2f524fbb7",
                url = "https://gitlab.com/tboox/xmake-repo.git"
            },
            version = "12.1.0"
        },
        ["ninja#f56260b5"] = {
            repo = {
                branch = "master",
                commit = "cd6a548743c5cd0c6781f52d165bdbe2f524fbb7",
                url = "https://gitlab.com/tboox/xmake-repo.git"
            },
            version = "v1.13.1"
        },
        ["spdlog v1.16.0#09c8c173"] = {
            repo = {
                branch = "master",
                commit = "cd6a548743c5cd0c6781f52d165bdbe2f524fbb7",
                url = "https://gitlab.com/tboox/xmake-repo.git"
            },
            version = "v1.16.0"
        },
        ["toml11#f56260b5"] = {
            repo = {
                branch = "master",
                commit = "cd6a548743c5cd0c6781f52d165bdbe2f524fbb7",
                url = "https://gitlab.com/tboox/xmake-repo.git"
            },
            version = "v4.4.0"
        }
    }
}